
Microsoft Visual Studio Solution File, Format Version 12.00
# Visual Studio 15
VisualStudioVersion = 15.0.26430.16
MinimumVisualStudioVersion = 10.0.40219.1
Project("{FAE04EC0-301F-11D3-BF4B-00C04F79EFBC}") = "UnitTestWithFakeEF.DataModels", "UnitTestWithFakeEF.DataModels\UnitTestWithFakeEF.DataModels.csproj", "{A125902E-6DF6-4898-A52F-A6598F01AF05}"
EndProject
Project("{FAE04EC0-301F-11D3-BF4B-00C04F79EFBC}") = "UnitTestWithFakeEF.UnitTests", "UnitTestWithFakeEF.UnitTests\UnitTestWithFakeEF.UnitTests.csproj", "{336ECF09-3C85-47DB-B7E3-502ED0BABC0A}"
EndProject
Project("{FAE04EC0-301F-11D3-BF4B-00C04F79EFBC}") = "UnitTestWithFakeEF.Services", "UnitTestWithFakeEF.Services\UnitTestWithFakeEF.Services.csproj", "{1BB31FD3-9B3C-4EF8-AB23-D350B7557AFF}"
EndProject
Global
	GlobalSection(SolutionConfigurationPlatforms) = preSolution
		Debug|Any CPU = Debug|Any CPU
		Release|Any CPU = Release|Any CPU
	EndGlobalSection
	GlobalSection(ProjectConfigurationPlatforms) = postSolution
		{A125902E-6DF6-4898-A52F-A6598F01AF05}.Debug|Any CPU.ActiveCfg = Debug|Any CPU
		{A125902E-6DF6-4898-A52F-A6598F01AF05}.Debug|Any CPU.Build.0 = Debug|Any CPU
		{A125902E-6DF6-4898-A52F-A6598F01AF05}.Release|Any CPU.ActiveCfg = Release|Any CPU
		{A125902E-6DF6-4898-A52F-A6598F01AF05}.Release|Any CPU.Build.0 = Release|Any CPU
		{336ECF09-3C85-47DB-B7E3-502ED0BABC0A}.Debug|Any CPU.ActiveCfg = Debug|Any CPU
		{336ECF09-3C85-47DB-B7E3-502ED0BABC0A}.Debug|Any CPU.Build.0 = Debug|Any CPU
		{336ECF09-3C85-47DB-B7E3-502ED0BABC0A}.Release|Any CPU.ActiveCfg = Release|Any CPU
		{336ECF09-3C85-47DB-B7E3-502ED0BABC0A}.Release|Any CPU.Build.0 = Release|Any CPU
		{1BB31FD3-9B3C-4EF8-AB23-D350B7557AFF}.Debug|Any CPU.ActiveCfg = Debug|Any CPU
		{1BB31FD3-9B3C-4EF8-AB23-D350B7557AFF}.Debug|Any CPU.Build.0 = Debug|Any CPU
		{1BB31FD3-9B3C-4EF8-AB23-D350B7557AFF}.Release|Any CPU.ActiveCfg = Release|Any CPU
		{1BB31FD3-9B3C-4EF8-AB23-D350B7557AFF}.Release|Any CPU.Build.0 = Release|Any CPU
	EndGlobalSection
	GlobalSection(SolutionProperties) = preSolution
		HideSolutionNode = FALSE
	EndGlobalSection
EndGlobal
